// !$*UTF8*$!
{
	archiveVersion = 1;
	classes = {
	};
	objectVersion = 54;
	objects = {

/* Begin PBXBuildFile section */
		058557BB273AAA24004C7B11 /* Assets.xcassets in Resources */ = {isa = PBXBuildFile; fileRef = 058557BA273AAA24004C7B11 /* Assets.xcassets */; };
		058557D9273AAEEB004C7B11 /* Preview Assets.xcassets in Resources */ = {isa = PBXBuildFile; fileRef = 058557D8273AAEEB004C7B11 /* Preview Assets.xcassets */; };
		2152FB042600AC8F00CF470E /* iOSApp.swift in Sources */ = {isa = PBXBuildFile; fileRef = 2152FB032600AC8F00CF470E /* iOSApp.swift */; };
		7555FF83242A565900829871 /* ContentView.swift in Sources */ = {isa = PBXBuildFile; fileRef = 7555FF82242A565900829871 /* ContentView.swift */; };
		F60D7E5E2A7AC3370063A145 /* PrimaryButton.swift in Sources */ = {isa = PBXBuildFile; fileRef = F60D7E5D2A7AC3370063A145 /* PrimaryButton.swift */; };
		F60D7E612A7B07D80063A145 /* KMMViewModelCore in Frameworks */ = {isa = PBXBuildFile; productRef = F60D7E602A7B07D80063A145 /* KMMViewModelCore */; };
		F60D7E632A7B07D80063A145 /* KMMViewModelSwiftUI in Frameworks */ = {isa = PBXBuildFile; productRef = F60D7E622A7B07D80063A145 /* KMMViewModelSwiftUI */; };
		F60D7E652A7B08060063A145 /* KMMViewModel.swift in Sources */ = {isa = PBXBuildFile; fileRef = F60D7E642A7B08060063A145 /* KMMViewModel.swift */; };
		F634F02C2B56087700254B2B /* RegisterView.swift in Sources */ = {isa = PBXBuildFile; fileRef = F634F02B2B56087700254B2B /* RegisterView.swift */; };
		F634F02E2B56949600254B2B /* ScoreTowerView.swift in Sources */ = {isa = PBXBuildFile; fileRef = F634F02D2B56949600254B2B /* ScoreTowerView.swift */; };
		F66B0E0D2A811A69008ABA9D /* CreatingQuizView.swift in Sources */ = {isa = PBXBuildFile; fileRef = F66B0E0C2A811A69008ABA9D /* CreatingQuizView.swift */; };
		F66B0E0F2A81213F008ABA9D /* QuizView.swift in Sources */ = {isa = PBXBuildFile; fileRef = F66B0E0E2A81213F008ABA9D /* QuizView.swift */; };
		F66B0E112A812FCB008ABA9D /* CapsuleButton.swift in Sources */ = {isa = PBXBuildFile; fileRef = F66B0E102A812FCB008ABA9D /* CapsuleButton.swift */; };
		F66B0E132A8134C5008ABA9D /* QuizOptionsView.swift in Sources */ = {isa = PBXBuildFile; fileRef = F66B0E122A8134C5008ABA9D /* QuizOptionsView.swift */; };
		F66B0E152A813D34008ABA9D /* QuizQuestionView.swift in Sources */ = {isa = PBXBuildFile; fileRef = F66B0E142A813D34008ABA9D /* QuizQuestionView.swift */; };
		F67AA8702A7C43A0007E04C8 /* HomeView.swift in Sources */ = {isa = PBXBuildFile; fileRef = F67AA86F2A7C43A0007E04C8 /* HomeView.swift */; };
		F67AA8732A7C44FE007E04C8 /* SessionViewModel.swift in Sources */ = {isa = PBXBuildFile; fileRef = F67AA8722A7C44FE007E04C8 /* SessionViewModel.swift */; };
		F67AA8752A7C836B007E04C8 /* CategoryView.swift in Sources */ = {isa = PBXBuildFile; fileRef = F67AA8742A7C836B007E04C8 /* CategoryView.swift */; };
		F68147F62A7ED5E600D80D2F /* DifficultyItemView.swift in Sources */ = {isa = PBXBuildFile; fileRef = F68147F52A7ED5E600D80D2F /* DifficultyItemView.swift */; };
		F68147F82A7ED83400D80D2F /* DifficultyView.swift in Sources */ = {isa = PBXBuildFile; fileRef = F68147F72A7ED83400D80D2F /* DifficultyView.swift */; };
		F6AE49212B5418BD00CA992A /* LiveQuizView.swift in Sources */ = {isa = PBXBuildFile; fileRef = F6AE49202B5418BD00CA992A /* LiveQuizView.swift */; };
		F6AE49232B5429B700CA992A /* LiveQuizViewModel.swift in Sources */ = {isa = PBXBuildFile; fileRef = F6AE49222B5429B700CA992A /* LiveQuizViewModel.swift */; };
		F6AE49262B542AD200CA992A /* KMPNativeCoroutinesAsync in Frameworks */ = {isa = PBXBuildFile; productRef = F6AE49252B542AD200CA992A /* KMPNativeCoroutinesAsync */; };
		F6AE49282B542AD200CA992A /* KMPNativeCoroutinesCombine in Frameworks */ = {isa = PBXBuildFile; productRef = F6AE49272B542AD200CA992A /* KMPNativeCoroutinesCombine */; };
		F6AE492A2B542AD200CA992A /* KMPNativeCoroutinesCore in Frameworks */ = {isa = PBXBuildFile; productRef = F6AE49292B542AD200CA992A /* KMPNativeCoroutinesCore */; };
		F6AE492C2B542AD200CA992A /* KMPNativeCoroutinesRxSwift in Frameworks */ = {isa = PBXBuildFile; productRef = F6AE492B2B542AD200CA992A /* KMPNativeCoroutinesRxSwift */; };
		F6AE492E2B542AFB00CA992A /* ViewModelHelpers.swift in Sources */ = {isa = PBXBuildFile; fileRef = F6AE492D2B542AFB00CA992A /* ViewModelHelpers.swift */; };
		F6AE49302B5438D500CA992A /* AvatarView.swift in Sources */ = {isa = PBXBuildFile; fileRef = F6AE492F2B5438D500CA992A /* AvatarView.swift */; };
		F6B971D72B5004890031C2A8 /* QuizTypeView.swift in Sources */ = {isa = PBXBuildFile; fileRef = F6B971D62B5004890031C2A8 /* QuizTypeView.swift */; };
		F6B971D92B5005A70031C2A8 /* QuizTypeItemView.swift in Sources */ = {isa = PBXBuildFile; fileRef = F6B971D82B5005A70031C2A8 /* QuizTypeItemView.swift */; };
		F6B971DB2B500DB30031C2A8 /* LiveScoreView.swift in Sources */ = {isa = PBXBuildFile; fileRef = F6B971DA2B500DB30031C2A8 /* LiveScoreView.swift */; };
		F6B971DD2B50180E0031C2A8 /* String+Extensions.swift in Sources */ = {isa = PBXBuildFile; fileRef = F6B971DC2B50180E0031C2A8 /* String+Extensions.swift */; };
		F6BC17012A79BEFC00B9DA60 /* LoginView.swift in Sources */ = {isa = PBXBuildFile; fileRef = F6BC17002A79BEFC00B9DA60 /* LoginView.swift */; };
		F6BC17042A79CA9200B9DA60 /* Color+Extensions.swift in Sources */ = {isa = PBXBuildFile; fileRef = F6BC17032A79CA9200B9DA60 /* Color+Extensions.swift */; };
		F6BC17062A79CAE400B9DA60 /* View+Extensions.swift in Sources */ = {isa = PBXBuildFile; fileRef = F6BC17052A79CAE400B9DA60 /* View+Extensions.swift */; };
		F6BC17092A79CCE700B9DA60 /* ZiuqText.swift in Sources */ = {isa = PBXBuildFile; fileRef = F6BC17082A79CCE700B9DA60 /* ZiuqText.swift */; };
		F6BC170B2A79CE5800B9DA60 /* Font+Extensions.swift in Sources */ = {isa = PBXBuildFile; fileRef = F6BC170A2A79CE5800B9DA60 /* Font+Extensions.swift */; };
		F6BC170D2A79DA3100B9DA60 /* ZiuqTextField.swift in Sources */ = {isa = PBXBuildFile; fileRef = F6BC170C2A79DA3100B9DA60 /* ZiuqTextField.swift */; };
		F6F129182A83BEBF00C4ECCD /* VerticalProgressView.swift in Sources */ = {isa = PBXBuildFile; fileRef = F6F129172A83BEBF00C4ECCD /* VerticalProgressView.swift */; };
		F6F1291A2A83C57300C4ECCD /* QuizScoreView.swift in Sources */ = {isa = PBXBuildFile; fileRef = F6F129192A83C57300C4ECCD /* QuizScoreView.swift */; };
		F6F1291C2A83E94000C4ECCD /* QuizCompleteView.swift in Sources */ = {isa = PBXBuildFile; fileRef = F6F1291B2A83E94000C4ECCD /* QuizCompleteView.swift */; };
/* End PBXBuildFile section */

/* Begin PBXCopyFilesBuildPhase section */
		7555FFB4242A642300829871 /* Embed Frameworks */ = {
			isa = PBXCopyFilesBuildPhase;
			buildActionMask = 2147483647;
			dstPath = "";
			dstSubfolderSpec = 10;
			files = (
			);
			name = "Embed Frameworks";
			runOnlyForDeploymentPostprocessing = 0;
		};
/* End PBXCopyFilesBuildPhase section */

/* Begin PBXFileReference section */
		058557BA273AAA24004C7B11 /* Assets.xcassets */ = {isa = PBXFileReference; lastKnownFileType = folder.assetcatalog; path = Assets.xcassets; sourceTree = "<group>"; };
		058557D8273AAEEB004C7B11 /* Preview Assets.xcassets */ = {isa = PBXFileReference; lastKnownFileType = folder.assetcatalog; path = "Preview Assets.xcassets"; sourceTree = "<group>"; };
		2152FB032600AC8F00CF470E /* iOSApp.swift */ = {isa = PBXFileReference; lastKnownFileType = sourcecode.swift; path = iOSApp.swift; sourceTree = "<group>"; };
		7555FF7B242A565900829871 /* iosApp.app */ = {isa = PBXFileReference; explicitFileType = wrapper.application; includeInIndex = 0; path = iosApp.app; sourceTree = BUILT_PRODUCTS_DIR; };
		7555FF82242A565900829871 /* ContentView.swift */ = {isa = PBXFileReference; lastKnownFileType = sourcecode.swift; path = ContentView.swift; sourceTree = "<group>"; };
		7555FF8C242A565B00829871 /* Info.plist */ = {isa = PBXFileReference; lastKnownFileType = text.plist.xml; path = Info.plist; sourceTree = "<group>"; };
		F60D7E5D2A7AC3370063A145 /* PrimaryButton.swift */ = {isa = PBXFileReference; lastKnownFileType = sourcecode.swift; path = PrimaryButton.swift; sourceTree = "<group>"; };
		F60D7E642A7B08060063A145 /* KMMViewModel.swift */ = {isa = PBXFileReference; lastKnownFileType = sourcecode.swift; path = KMMViewModel.swift; sourceTree = "<group>"; };
		F634F02B2B56087700254B2B /* RegisterView.swift */ = {isa = PBXFileReference; lastKnownFileType = sourcecode.swift; path = RegisterView.swift; sourceTree = "<group>"; };
		F634F02D2B56949600254B2B /* ScoreTowerView.swift */ = {isa = PBXFileReference; lastKnownFileType = sourcecode.swift; path = ScoreTowerView.swift; sourceTree = "<group>"; };
		F66B0E0C2A811A69008ABA9D /* CreatingQuizView.swift */ = {isa = PBXFileReference; lastKnownFileType = sourcecode.swift; path = CreatingQuizView.swift; sourceTree = "<group>"; };
		F66B0E0E2A81213F008ABA9D /* QuizView.swift */ = {isa = PBXFileReference; lastKnownFileType = sourcecode.swift; path = QuizView.swift; sourceTree = "<group>"; };
		F66B0E102A812FCB008ABA9D /* CapsuleButton.swift */ = {isa = PBXFileReference; lastKnownFileType = sourcecode.swift; path = CapsuleButton.swift; sourceTree = "<group>"; };
		F66B0E122A8134C5008ABA9D /* QuizOptionsView.swift */ = {isa = PBXFileReference; lastKnownFileType = sourcecode.swift; path = QuizOptionsView.swift; sourceTree = "<group>"; };
		F66B0E142A813D34008ABA9D /* QuizQuestionView.swift */ = {isa = PBXFileReference; lastKnownFileType = sourcecode.swift; path = QuizQuestionView.swift; sourceTree = "<group>"; };
		F67AA86F2A7C43A0007E04C8 /* HomeView.swift */ = {isa = PBXFileReference; lastKnownFileType = sourcecode.swift; path = HomeView.swift; sourceTree = "<group>"; };
		F67AA8722A7C44FE007E04C8 /* SessionViewModel.swift */ = {isa = PBXFileReference; lastKnownFileType = sourcecode.swift; path = SessionViewModel.swift; sourceTree = "<group>"; };
		F67AA8742A7C836B007E04C8 /* CategoryView.swift */ = {isa = PBXFileReference; lastKnownFileType = sourcecode.swift; path = CategoryView.swift; sourceTree = "<group>"; };
		F68147F52A7ED5E600D80D2F /* DifficultyItemView.swift */ = {isa = PBXFileReference; lastKnownFileType = sourcecode.swift; path = DifficultyItemView.swift; sourceTree = "<group>"; };
		F68147F72A7ED83400D80D2F /* DifficultyView.swift */ = {isa = PBXFileReference; lastKnownFileType = sourcecode.swift; path = DifficultyView.swift; sourceTree = "<group>"; };
		F6AE49202B5418BD00CA992A /* LiveQuizView.swift */ = {isa = PBXFileReference; lastKnownFileType = sourcecode.swift; path = LiveQuizView.swift; sourceTree = "<group>"; };
		F6AE49222B5429B700CA992A /* LiveQuizViewModel.swift */ = {isa = PBXFileReference; lastKnownFileType = sourcecode.swift; path = LiveQuizViewModel.swift; sourceTree = "<group>"; };
		F6AE492D2B542AFB00CA992A /* ViewModelHelpers.swift */ = {isa = PBXFileReference; lastKnownFileType = sourcecode.swift; path = ViewModelHelpers.swift; sourceTree = "<group>"; };
		F6AE492F2B5438D500CA992A /* AvatarView.swift */ = {isa = PBXFileReference; lastKnownFileType = sourcecode.swift; path = AvatarView.swift; sourceTree = "<group>"; };
		F6B971D62B5004890031C2A8 /* QuizTypeView.swift */ = {isa = PBXFileReference; lastKnownFileType = sourcecode.swift; path = QuizTypeView.swift; sourceTree = "<group>"; };
		F6B971D82B5005A70031C2A8 /* QuizTypeItemView.swift */ = {isa = PBXFileReference; lastKnownFileType = sourcecode.swift; path = QuizTypeItemView.swift; sourceTree = "<group>"; };
		F6B971DA2B500DB30031C2A8 /* LiveScoreView.swift */ = {isa = PBXFileReference; lastKnownFileType = sourcecode.swift; path = LiveScoreView.swift; sourceTree = "<group>"; };
		F6B971DC2B50180E0031C2A8 /* String+Extensions.swift */ = {isa = PBXFileReference; lastKnownFileType = sourcecode.swift; path = "String+Extensions.swift"; sourceTree = "<group>"; };
		F6BC17002A79BEFC00B9DA60 /* LoginView.swift */ = {isa = PBXFileReference; lastKnownFileType = sourcecode.swift; path = LoginView.swift; sourceTree = "<group>"; };
		F6BC17032A79CA9200B9DA60 /* Color+Extensions.swift */ = {isa = PBXFileReference; lastKnownFileType = sourcecode.swift; path = "Color+Extensions.swift"; sourceTree = "<group>"; };
		F6BC17052A79CAE400B9DA60 /* View+Extensions.swift */ = {isa = PBXFileReference; lastKnownFileType = sourcecode.swift; path = "View+Extensions.swift"; sourceTree = "<group>"; };
		F6BC17082A79CCE700B9DA60 /* ZiuqText.swift */ = {isa = PBXFileReference; lastKnownFileType = sourcecode.swift; path = ZiuqText.swift; sourceTree = "<group>"; };
		F6BC170A2A79CE5800B9DA60 /* Font+Extensions.swift */ = {isa = PBXFileReference; lastKnownFileType = sourcecode.swift; path = "Font+Extensions.swift"; sourceTree = "<group>"; };
		F6BC170C2A79DA3100B9DA60 /* ZiuqTextField.swift */ = {isa = PBXFileReference; lastKnownFileType = sourcecode.swift; path = ZiuqTextField.swift; sourceTree = "<group>"; };
		F6F129172A83BEBF00C4ECCD /* VerticalProgressView.swift */ = {isa = PBXFileReference; lastKnownFileType = sourcecode.swift; path = VerticalProgressView.swift; sourceTree = "<group>"; };
		F6F129192A83C57300C4ECCD /* QuizScoreView.swift */ = {isa = PBXFileReference; lastKnownFileType = sourcecode.swift; path = QuizScoreView.swift; sourceTree = "<group>"; };
		F6F1291B2A83E94000C4ECCD /* QuizCompleteView.swift */ = {isa = PBXFileReference; lastKnownFileType = sourcecode.swift; path = QuizCompleteView.swift; sourceTree = "<group>"; };
/* End PBXFileReference section */

/* Begin PBXFrameworksBuildPhase section */
		7555FF78242A565900829871 /* Frameworks */ = {
			isa = PBXFrameworksBuildPhase;
			buildActionMask = 2147483647;
			files = (
				F60D7E612A7B07D80063A145 /* KMMViewModelCore in Frameworks */,
				F6AE492A2B542AD200CA992A /* KMPNativeCoroutinesCore in Frameworks */,
				F6AE49282B542AD200CA992A /* KMPNativeCoroutinesCombine in Frameworks */,
				F6AE492C2B542AD200CA992A /* KMPNativeCoroutinesRxSwift in Frameworks */,
				F60D7E632A7B07D80063A145 /* KMMViewModelSwiftUI in Frameworks */,
				F6AE49262B542AD200CA992A /* KMPNativeCoroutinesAsync in Frameworks */,
			);
			runOnlyForDeploymentPostprocessing = 0;
		};
/* End PBXFrameworksBuildPhase section */

/* Begin PBXGroup section */
		058557D7273AAEEB004C7B11 /* Preview Content */ = {
			isa = PBXGroup;
			children = (
				058557D8273AAEEB004C7B11 /* Preview Assets.xcassets */,
			);
			path = "Preview Content";
			sourceTree = "<group>";
		};
		7555FF72242A565900829871 = {
			isa = PBXGroup;
			children = (
				7555FF7D242A565900829871 /* iosApp */,
				7555FF7C242A565900829871 /* Products */,
				7555FFB0242A642200829871 /* Frameworks */,
			);
			sourceTree = "<group>";
		};
		7555FF7C242A565900829871 /* Products */ = {
			isa = PBXGroup;
			children = (
				7555FF7B242A565900829871 /* iosApp.app */,
			);
			name = Products;
			sourceTree = "<group>";
		};
		7555FF7D242A565900829871 /* iosApp */ = {
			isa = PBXGroup;
			children = (
				F67AA8712A7C44EE007E04C8 /* ViewModels */,
				F67AA86E2A7C4387007E04C8 /* Screens */,
				F6BC17072A79CCB000B9DA60 /* Views */,
				F6BC17022A79CA6900B9DA60 /* Utils */,
				058557BA273AAA24004C7B11 /* Assets.xcassets */,
				7555FF82242A565900829871 /* ContentView.swift */,
				7555FF8C242A565B00829871 /* Info.plist */,
				2152FB032600AC8F00CF470E /* iOSApp.swift */,
				058557D7273AAEEB004C7B11 /* Preview Content */,
			);
			path = iosApp;
			sourceTree = "<group>";
		};
		7555FFB0242A642200829871 /* Frameworks */ = {
			isa = PBXGroup;
			children = (
			);
			name = Frameworks;
			sourceTree = "<group>";
		};
		F67AA86E2A7C4387007E04C8 /* Screens */ = {
			isa = PBXGroup;
			children = (
				F6BC17002A79BEFC00B9DA60 /* LoginView.swift */,
				F67AA86F2A7C43A0007E04C8 /* HomeView.swift */,
				F68147F72A7ED83400D80D2F /* DifficultyView.swift */,
				F66B0E0C2A811A69008ABA9D /* CreatingQuizView.swift */,
				F66B0E0E2A81213F008ABA9D /* QuizView.swift */,
				F6F1291B2A83E94000C4ECCD /* QuizCompleteView.swift */,
				F6B971D62B5004890031C2A8 /* QuizTypeView.swift */,
				F6AE49202B5418BD00CA992A /* LiveQuizView.swift */,
				F634F02B2B56087700254B2B /* RegisterView.swift */,
			);
			path = Screens;
			sourceTree = "<group>";
		};
		F67AA8712A7C44EE007E04C8 /* ViewModels */ = {
			isa = PBXGroup;
			children = (
				F67AA8722A7C44FE007E04C8 /* SessionViewModel.swift */,
				F6AE49222B5429B700CA992A /* LiveQuizViewModel.swift */,
				F6AE492D2B542AFB00CA992A /* ViewModelHelpers.swift */,
			);
			path = ViewModels;
			sourceTree = "<group>";
		};
		F6BC17022A79CA6900B9DA60 /* Utils */ = {
			isa = PBXGroup;
			children = (
				F6BC17032A79CA9200B9DA60 /* Color+Extensions.swift */,
				F6BC17052A79CAE400B9DA60 /* View+Extensions.swift */,
				F6BC170A2A79CE5800B9DA60 /* Font+Extensions.swift */,
				F60D7E642A7B08060063A145 /* KMMViewModel.swift */,
				F6B971DC2B50180E0031C2A8 /* String+Extensions.swift */,
			);
			path = Utils;
			sourceTree = "<group>";
		};
		F6BC17072A79CCB000B9DA60 /* Views */ = {
			isa = PBXGroup;
			children = (
				F66B0E122A8134C5008ABA9D /* QuizOptionsView.swift */,
				F6BC17082A79CCE700B9DA60 /* ZiuqText.swift */,
				F6BC170C2A79DA3100B9DA60 /* ZiuqTextField.swift */,
				F60D7E5D2A7AC3370063A145 /* PrimaryButton.swift */,
				F67AA8742A7C836B007E04C8 /* CategoryView.swift */,
				F68147F52A7ED5E600D80D2F /* DifficultyItemView.swift */,
				F66B0E102A812FCB008ABA9D /* CapsuleButton.swift */,
				F66B0E142A813D34008ABA9D /* QuizQuestionView.swift */,
				F6F129172A83BEBF00C4ECCD /* VerticalProgressView.swift */,
				F6F129192A83C57300C4ECCD /* QuizScoreView.swift */,
				F6B971D82B5005A70031C2A8 /* QuizTypeItemView.swift */,
				F6B971DA2B500DB30031C2A8 /* LiveScoreView.swift */,
				F6AE492F2B5438D500CA992A /* AvatarView.swift */,
				F634F02D2B56949600254B2B /* ScoreTowerView.swift */,
			);
			path = Views;
			sourceTree = "<group>";
		};
/* End PBXGroup section */

/* Begin PBXNativeTarget section */
		7555FF7A242A565900829871 /* iosApp */ = {
			isa = PBXNativeTarget;
			buildConfigurationList = 7555FFA5242A565B00829871 /* Build configuration list for PBXNativeTarget "iosApp" */;
			buildPhases = (
				7555FFB5242A651A00829871 /* ShellScript */,
				7555FF77242A565900829871 /* Sources */,
				7555FF78242A565900829871 /* Frameworks */,
				7555FF79242A565900829871 /* Resources */,
				7555FFB4242A642300829871 /* Embed Frameworks */,
			);
			buildRules = (
			);
			dependencies = (
			);
			name = iosApp;
			packageProductDependencies = (
				F60D7E602A7B07D80063A145 /* KMMViewModelCore */,
				F60D7E622A7B07D80063A145 /* KMMViewModelSwiftUI */,
				F6AE49252B542AD200CA992A /* KMPNativeCoroutinesAsync */,
				F6AE49272B542AD200CA992A /* KMPNativeCoroutinesCombine */,
				F6AE49292B542AD200CA992A /* KMPNativeCoroutinesCore */,
				F6AE492B2B542AD200CA992A /* KMPNativeCoroutinesRxSwift */,
			);
			productName = iosApp;
			productReference = 7555FF7B242A565900829871 /* iosApp.app */;
			productType = "com.apple.product-type.application";
		};
/* End PBXNativeTarget section */

/* Begin PBXProject section */
		7555FF73242A565900829871 /* Project object */ = {
			isa = PBXProject;
			attributes = {
				LastSwiftUpdateCheck = 1130;
				LastUpgradeCheck = 1130;
				ORGANIZATIONNAME = orgName;
				TargetAttributes = {
					7555FF7A242A565900829871 = {
						CreatedOnToolsVersion = 11.3.1;
					};
				};
			};
			buildConfigurationList = 7555FF76242A565900829871 /* Build configuration list for PBXProject "iosApp" */;
			compatibilityVersion = "Xcode 9.3";
			developmentRegion = en;
			hasScannedForEncodings = 0;
			knownRegions = (
				en,
				Base,
			);
			mainGroup = 7555FF72242A565900829871;
			packageReferences = (
				F60D7E5F2A7B07D80063A145 /* XCRemoteSwiftPackageReference "KMM-ViewModel" */,
				F6AE49242B542AD200CA992A /* XCRemoteSwiftPackageReference "KMP-NativeCoroutines" */,
			);
			productRefGroup = 7555FF7C242A565900829871 /* Products */;
			projectDirPath = "";
			projectRoot = "";
			targets = (
				7555FF7A242A565900829871 /* iosApp */,
			);
		};
/* End PBXProject section */

/* Begin PBXResourcesBuildPhase section */
		7555FF79242A565900829871 /* Resources */ = {
			isa = PBXResourcesBuildPhase;
			buildActionMask = 2147483647;
			files = (
				058557D9273AAEEB004C7B11 /* Preview Assets.xcassets in Resources */,
				058557BB273AAA24004C7B11 /* Assets.xcassets in Resources */,
			);
			runOnlyForDeploymentPostprocessing = 0;
		};
/* End PBXResourcesBuildPhase section */

/* Begin PBXShellScriptBuildPhase section */
		7555FFB5242A651A00829871 /* ShellScript */ = {
			isa = PBXShellScriptBuildPhase;
			buildActionMask = 2147483647;
			files = (
			);
			inputFileListPaths = (
			);
			inputPaths = (
			);
			outputFileListPaths = (
			);
			outputPaths = (
			);
			runOnlyForDeploymentPostprocessing = 0;
			shellPath = /bin/sh;
			shellScript = "cd \"$SRCROOT/..\"\n./gradlew :shared:embedAndSignAppleFrameworkForXcode\n";
		};
/* End PBXShellScriptBuildPhase section */

/* Begin PBXSourcesBuildPhase section */
		7555FF77242A565900829871 /* Sources */ = {
			isa = PBXSourcesBuildPhase;
			buildActionMask = 2147483647;
			files = (
				F6AE492E2B542AFB00CA992A /* ViewModelHelpers.swift in Sources */,
				F68147F82A7ED83400D80D2F /* DifficultyView.swift in Sources */,
				F66B0E112A812FCB008ABA9D /* CapsuleButton.swift in Sources */,
				F6B971D92B5005A70031C2A8 /* QuizTypeItemView.swift in Sources */,
				F60D7E5E2A7AC3370063A145 /* PrimaryButton.swift in Sources */,
				F6F1291C2A83E94000C4ECCD /* QuizCompleteView.swift in Sources */,
				F66B0E0D2A811A69008ABA9D /* CreatingQuizView.swift in Sources */,
				F6AE49232B5429B700CA992A /* LiveQuizViewModel.swift in Sources */,
				F67AA8732A7C44FE007E04C8 /* SessionViewModel.swift in Sources */,
				F634F02E2B56949600254B2B /* ScoreTowerView.swift in Sources */,
				F66B0E152A813D34008ABA9D /* QuizQuestionView.swift in Sources */,
				F6BC170D2A79DA3100B9DA60 /* ZiuqTextField.swift in Sources */,
				F6BC17012A79BEFC00B9DA60 /* LoginView.swift in Sources */,
				2152FB042600AC8F00CF470E /* iOSApp.swift in Sources */,
				F634F02C2B56087700254B2B /* RegisterView.swift in Sources */,
				F68147F62A7ED5E600D80D2F /* DifficultyItemView.swift in Sources */,
				F67AA8752A7C836B007E04C8 /* CategoryView.swift in Sources */,
				F6B971DD2B50180E0031C2A8 /* String+Extensions.swift in Sources */,
				F66B0E132A8134C5008ABA9D /* QuizOptionsView.swift in Sources */,
				F6F1291A2A83C57300C4ECCD /* QuizScoreView.swift in Sources */,
				7555FF83242A565900829871 /* ContentView.swift in Sources */,
				F6AE49302B5438D500CA992A /* AvatarView.swift in Sources */,
				F6AE49212B5418BD00CA992A /* LiveQuizView.swift in Sources */,
				F67AA8702A7C43A0007E04C8 /* HomeView.swift in Sources */,
				F6BC170B2A79CE5800B9DA60 /* Font+Extensions.swift in Sources */,
				F6F129182A83BEBF00C4ECCD /* VerticalProgressView.swift in Sources */,
				F6B971DB2B500DB30031C2A8 /* LiveScoreView.swift in Sources */,
				F6BC17062A79CAE400B9DA60 /* View+Extensions.swift in Sources */,
				F6B971D72B5004890031C2A8 /* QuizTypeView.swift in Sources */,
				F6BC17042A79CA9200B9DA60 /* Color+Extensions.swift in Sources */,
				F60D7E652A7B08060063A145 /* KMMViewModel.swift in Sources */,
				F66B0E0F2A81213F008ABA9D /* QuizView.swift in Sources */,
				F6BC17092A79CCE700B9DA60 /* ZiuqText.swift in Sources */,
			);
			runOnlyForDeploymentPostprocessing = 0;
		};
/* End PBXSourcesBuildPhase section */

/* Begin XCBuildConfiguration section */
		7555FFA3242A565B00829871 /* Debug */ = {
			isa = XCBuildConfiguration;
			buildSettings = {
				ALWAYS_SEARCH_USER_PATHS = NO;
				CLANG_ANALYZER_NONNULL = YES;
				CLANG_ANALYZER_NUMBER_OBJECT_CONVERSION = YES_AGGRESSIVE;
				CLANG_CXX_LANGUAGE_STANDARD = "gnu++14";
				CLANG_CXX_LIBRARY = "libc++";
				CLANG_ENABLE_MODULES = YES;
				CLANG_ENABLE_OBJC_ARC = YES;
				CLANG_ENABLE_OBJC_WEAK = YES;
				CLANG_WARN_BLOCK_CAPTURE_AUTORELEASING = YES;
				CLANG_WARN_BOOL_CONVERSION = YES;
				CLANG_WARN_COMMA = YES;
				CLANG_WARN_CONSTANT_CONVERSION = YES;
				CLANG_WARN_DEPRECATED_OBJC_IMPLEMENTATIONS = YES;
				CLANG_WARN_DIRECT_OBJC_ISA_USAGE = YES_ERROR;
				CLANG_WARN_DOCUMENTATION_COMMENTS = YES;
				CLANG_WARN_EMPTY_BODY = YES;
				CLANG_WARN_ENUM_CONVERSION = YES;
				CLANG_WARN_INFINITE_RECURSION = YES;
				CLANG_WARN_INT_CONVERSION = YES;
				CLANG_WARN_NON_LITERAL_NULL_CONVERSION = YES;
				CLANG_WARN_OBJC_IMPLICIT_RETAIN_SELF = YES;
				CLANG_WARN_OBJC_LITERAL_CONVERSION = YES;
				CLANG_WARN_OBJC_ROOT_CLASS = YES_ERROR;
				CLANG_WARN_QUOTED_INCLUDE_IN_FRAMEWORK_HEADER = YES;
				CLANG_WARN_RANGE_LOOP_ANALYSIS = YES;
				CLANG_WARN_STRICT_PROTOTYPES = YES;
				CLANG_WARN_SUSPICIOUS_MOVE = YES;
				CLANG_WARN_UNGUARDED_AVAILABILITY = YES_AGGRESSIVE;
				CLANG_WARN_UNREACHABLE_CODE = YES;
				CLANG_WARN__DUPLICATE_METHOD_MATCH = YES;
				COPY_PHASE_STRIP = NO;
				DEBUG_INFORMATION_FORMAT = "dwarf-with-dsym";
				ENABLE_STRICT_OBJC_MSGSEND = YES;
				ENABLE_TESTABILITY = YES;
				GCC_C_LANGUAGE_STANDARD = gnu11;
				GCC_DYNAMIC_NO_PIC = NO;
				GCC_NO_COMMON_BLOCKS = YES;
				GCC_OPTIMIZATION_LEVEL = 0;
				GCC_PREPROCESSOR_DEFINITIONS = (
					"DEBUG=1",
					"$(inherited)",
				);
				GCC_WARN_64_TO_32_BIT_CONVERSION = YES;
				GCC_WARN_ABOUT_RETURN_TYPE = YES_ERROR;
				GCC_WARN_UNDECLARED_SELECTOR = YES;
				GCC_WARN_UNINITIALIZED_AUTOS = YES_AGGRESSIVE;
				GCC_WARN_UNUSED_FUNCTION = YES;
				GCC_WARN_UNUSED_VARIABLE = YES;
				IPHONEOS_DEPLOYMENT_TARGET = 14.1;
				MTL_ENABLE_DEBUG_INFO = INCLUDE_SOURCE;
				MTL_FAST_MATH = YES;
				ONLY_ACTIVE_ARCH = YES;
				SDKROOT = iphoneos;
				SWIFT_ACTIVE_COMPILATION_CONDITIONS = DEBUG;
				SWIFT_OPTIMIZATION_LEVEL = "-Onone";
			};
			name = Debug;
		};
		7555FFA4242A565B00829871 /* Release */ = {
			isa = XCBuildConfiguration;
			buildSettings = {
				ALWAYS_SEARCH_USER_PATHS = NO;
				CLANG_ANALYZER_NONNULL = YES;
				CLANG_ANALYZER_NUMBER_OBJECT_CONVERSION = YES_AGGRESSIVE;
				CLANG_CXX_LANGUAGE_STANDARD = "gnu++14";
				CLANG_CXX_LIBRARY = "libc++";
				CLANG_ENABLE_MODULES = YES;
				CLANG_ENABLE_OBJC_ARC = YES;
				CLANG_ENABLE_OBJC_WEAK = YES;
				CLANG_WARN_BLOCK_CAPTURE_AUTORELEASING = YES;
				CLANG_WARN_BOOL_CONVERSION = YES;
				CLANG_WARN_COMMA = YES;
				CLANG_WARN_CONSTANT_CONVERSION = YES;
				CLANG_WARN_DEPRECATED_OBJC_IMPLEMENTATIONS = YES;
				CLANG_WARN_DIRECT_OBJC_ISA_USAGE = YES_ERROR;
				CLANG_WARN_DOCUMENTATION_COMMENTS = YES;
				CLANG_WARN_EMPTY_BODY = YES;
				CLANG_WARN_ENUM_CONVERSION = YES;
				CLANG_WARN_INFINITE_RECURSION = YES;
				CLANG_WARN_INT_CONVERSION = YES;
				CLANG_WARN_NON_LITERAL_NULL_CONVERSION = YES;
				CLANG_WARN_OBJC_IMPLICIT_RETAIN_SELF = YES;
				CLANG_WARN_OBJC_LITERAL_CONVERSION = YES;
				CLANG_WARN_OBJC_ROOT_CLASS = YES_ERROR;
				CLANG_WARN_QUOTED_INCLUDE_IN_FRAMEWORK_HEADER = YES;
				CLANG_WARN_RANGE_LOOP_ANALYSIS = YES;
				CLANG_WARN_STRICT_PROTOTYPES = YES;
				CLANG_WARN_SUSPICIOUS_MOVE = YES;
				CLANG_WARN_UNGUARDED_AVAILABILITY = YES_AGGRESSIVE;
				CLANG_WARN_UNREACHABLE_CODE = YES;
				CLANG_WARN__DUPLICATE_METHOD_MATCH = YES;
				COPY_PHASE_STRIP = NO;
				DEBUG_INFORMATION_FORMAT = "dwarf-with-dsym";
				ENABLE_NS_ASSERTIONS = NO;
				ENABLE_STRICT_OBJC_MSGSEND = YES;
				GCC_C_LANGUAGE_STANDARD = gnu11;
				GCC_NO_COMMON_BLOCKS = YES;
				GCC_WARN_64_TO_32_BIT_CONVERSION = YES;
				GCC_WARN_ABOUT_RETURN_TYPE = YES_ERROR;
				GCC_WARN_UNDECLARED_SELECTOR = YES;
				GCC_WARN_UNINITIALIZED_AUTOS = YES_AGGRESSIVE;
				GCC_WARN_UNUSED_FUNCTION = YES;
				GCC_WARN_UNUSED_VARIABLE = YES;
				IPHONEOS_DEPLOYMENT_TARGET = 14.1;
				MTL_ENABLE_DEBUG_INFO = NO;
				MTL_FAST_MATH = YES;
				SDKROOT = iphoneos;
				SWIFT_COMPILATION_MODE = wholemodule;
				SWIFT_OPTIMIZATION_LEVEL = "-O";
				VALIDATE_PRODUCT = YES;
			};
			name = Release;
		};
		7555FFA6242A565B00829871 /* Debug */ = {
			isa = XCBuildConfiguration;
			buildSettings = {
				ASSETCATALOG_COMPILER_APPICON_NAME = AppIcon;
				CODE_SIGN_STYLE = Automatic;
				DEVELOPMENT_ASSET_PATHS = "\"iosApp/Preview Content\"";
				DEVELOPMENT_TEAM = FYFNZPZ3WW;
				ENABLE_PREVIEWS = YES;
				FRAMEWORK_SEARCH_PATHS = (
					"$(inherited)",
					"$(SRCROOT)/../shared/build/xcode-frameworks/$(CONFIGURATION)/$(SDK_NAME)",
				);
				INFOPLIST_FILE = iosApp/Info.plist;
				IPHONEOS_DEPLOYMENT_TARGET = 16.0;
				LD_RUNPATH_SEARCH_PATHS = (
					"$(inherited)",
					"@executable_path/Frameworks",
				);
				OTHER_LDFLAGS = (
					"$(inherited)",
					"-framework",
					shared,
				);
				PRODUCT_BUNDLE_IDENTIFIER = orgIdentifier.iosApp;
				PRODUCT_NAME = "$(TARGET_NAME)";
				SWIFT_VERSION = 5.0;
				TARGETED_DEVICE_FAMILY = "1,2";
			};
			name = Debug;
		};
		7555FFA7242A565B00829871 /* Release */ = {
			isa = XCBuildConfiguration;
			buildSettings = {
				ASSETCATALOG_COMPILER_APPICON_NAME = AppIcon;
				CODE_SIGN_STYLE = Automatic;
				DEVELOPMENT_ASSET_PATHS = "\"iosApp/Preview Content\"";
				DEVELOPMENT_TEAM = FYFNZPZ3WW;
				ENABLE_PREVIEWS = YES;
				FRAMEWORK_SEARCH_PATHS = (
					"$(inherited)",
					"$(SRCROOT)/../shared/build/xcode-frameworks/$(CONFIGURATION)/$(SDK_NAME)",
				);
				INFOPLIST_FILE = iosApp/Info.plist;
				IPHONEOS_DEPLOYMENT_TARGET = 16.0;
				LD_RUNPATH_SEARCH_PATHS = (
					"$(inherited)",
					"@executable_path/Frameworks",
				);
				OTHER_LDFLAGS = (
					"$(inherited)",
					"-framework",
					shared,
				);
				PRODUCT_BUNDLE_IDENTIFIER = orgIdentifier.iosApp;
				PRODUCT_NAME = "$(TARGET_NAME)";
				SWIFT_VERSION = 5.0;
				TARGETED_DEVICE_FAMILY = "1,2";
			};
			name = Release;
		};
/* End XCBuildConfiguration section */

/* Begin XCConfigurationList section */
		7555FF76242A565900829871 /* Build configuration list for PBXProject "iosApp" */ = {
			isa = XCConfigurationList;
			buildConfigurations = (
				7555FFA3242A565B00829871 /* Debug */,
				7555FFA4242A565B00829871 /* Release */,
			);
			defaultConfigurationIsVisible = 0;
			defaultConfigurationName = Release;
		};
		7555FFA5242A565B00829871 /* Build configuration list for PBXNativeTarget "iosApp" */ = {
			isa = XCConfigurationList;
			buildConfigurations = (
				7555FFA6242A565B00829871 /* Debug */,
				7555FFA7242A565B00829871 /* Release */,
			);
			defaultConfigurationIsVisible = 0;
			defaultConfigurationName = Release;
		};
/* End XCConfigurationList section */

/* Begin XCRemoteSwiftPackageReference section */
		F60D7E5F2A7B07D80063A145 /* XCRemoteSwiftPackageReference "KMM-ViewModel" */ = {
			isa = XCRemoteSwiftPackageReference;
			repositoryURL = "https://github.com/rickclephas/KMM-ViewModel.git";
			requirement = {
				branch = master;
				kind = branch;
			};
		};
		F6AE49242B542AD200CA992A /* XCRemoteSwiftPackageReference "KMP-NativeCoroutines" */ = {
			isa = XCRemoteSwiftPackageReference;
			repositoryURL = "https://github.com/rickclephas/KMP-NativeCoroutines";
			requirement = {
				branch = master;
				kind = branch;
			};
		};
/* End XCRemoteSwiftPackageReference section */

/* Begin XCSwiftPackageProductDependency section */
		F60D7E602A7B07D80063A145 /* KMMViewModelCore */ = {
			isa = XCSwiftPackageProductDependency;
			package = F60D7E5F2A7B07D80063A145 /* XCRemoteSwiftPackageReference "KMM-ViewModel" */;
			productName = KMMViewModelCore;
		};
		F60D7E622A7B07D80063A145 /* KMMViewModelSwiftUI */ = {
			isa = XCSwiftPackageProductDependency;
			package = F60D7E5F2A7B07D80063A145 /* XCRemoteSwiftPackageReference "KMM-ViewModel" */;
			productName = KMMViewModelSwiftUI;
		};
		F6AE49252B542AD200CA992A /* KMPNativeCoroutinesAsync */ = {
			isa = XCSwiftPackageProductDependency;
			package = F6AE49242B542AD200CA992A /* XCRemoteSwiftPackageReference "KMP-NativeCoroutines" */;
			productName = KMPNativeCoroutinesAsync;
		};
		F6AE49272B542AD200CA992A /* KMPNativeCoroutinesCombine */ = {
			isa = XCSwiftPackageProductDependency;
			package = F6AE49242B542AD200CA992A /* XCRemoteSwiftPackageReference "KMP-NativeCoroutines" */;
			productName = KMPNativeCoroutinesCombine;
		};
		F6AE49292B542AD200CA992A /* KMPNativeCoroutinesCore */ = {
			isa = XCSwiftPackageProductDependency;
			package = F6AE49242B542AD200CA992A /* XCRemoteSwiftPackageReference "KMP-NativeCoroutines" */;
			productName = KMPNativeCoroutinesCore;
		};
		F6AE492B2B542AD200CA992A /* KMPNativeCoroutinesRxSwift */ = {
			isa = XCSwiftPackageProductDependency;
			package = F6AE49242B542AD200CA992A /* XCRemoteSwiftPackageReference "KMP-NativeCoroutines" */;
			productName = KMPNativeCoroutinesRxSwift;
		};
/* End XCSwiftPackageProductDependency section */
	};
	rootObject = 7555FF73242A565900829871 /* Project object */;
}
